
Microsoft Visual Studio Solution File, Format Version 12.00
# Visual Studio Version 17
VisualStudioVersion = 17.0.31903.59
MinimumVisualStudioVersion = 10.0.40219.1
Project("{FAE04EC0-301F-11D3-BF4B-00C04F79EFBC}") = "Wpm.Management.Api", "Wpm.Management.Api\Wpm.Management.Api.csproj", "{AA63E38C-D515-4586-B4AB-D37134D9DE7D}"
EndProject
Project("{FAE04EC0-301F-11D3-BF4B-00C04F79EFBC}") = "Wpm.Management.Domain", "Wpm.Management.Domain\Wpm.Management.Domain.csproj", "{9B4E39D0-7593-409F-9BE7-B728F4AF16F3}"
EndProject
Project("{FAE04EC0-301F-11D3-BF4B-00C04F79EFBC}") = "Wpm.Management.Domain.Tests", "Wpm.Management.Domain.Tests\Wpm.Management.Domain.Tests.csproj", "{4A9414FC-6C35-425B-AE14-C5CDED86D226}"
EndProject
Project("{FAE04EC0-301F-11D3-BF4B-00C04F79EFBC}") = "Wpm.Clinic.Domain", "Wpm.Clinic.Domain\Wpm.Clinic.Domain.csproj", "{81121D0A-3C1D-4099-9FDD-8EEF94179E04}"
EndProject
Project("{FAE04EC0-301F-11D3-BF4B-00C04F79EFBC}") = "Wpm.Clinic.Domain.Tests", "Wpm.Clinic.Domain.Tests\Wpm.Clinic.Domain.Tests.csproj", "{3F813904-9E17-482A-A2B2-885BFB5AE6D0}"
EndProject
Project("{FAE04EC0-301F-11D3-BF4B-00C04F79EFBC}") = "Wpm.Clinic.Api", "Wpm.Clinic.Api\Wpm.Clinic.Api.csproj", "{D07DCF7B-E6FA-49E3-929C-AAEF37E47E92}"
EndProject
Project("{FAE04EC0-301F-11D3-BF4B-00C04F79EFBC}") = "Wpm.SharedKernel", "Wpm.SharedKernel\Wpm.SharedKernel.csproj", "{B562ABE4-3078-4707-A265-8EAE473ADA5E}"
EndProject
Global
	GlobalSection(SolutionConfigurationPlatforms) = preSolution
		Debug|Any CPU = Debug|Any CPU
		Release|Any CPU = Release|Any CPU
	EndGlobalSection
	GlobalSection(SolutionProperties) = preSolution
		HideSolutionNode = FALSE
	EndGlobalSection
	GlobalSection(ProjectConfigurationPlatforms) = postSolution
		{AA63E38C-D515-4586-B4AB-D37134D9DE7D}.Debug|Any CPU.ActiveCfg = Debug|Any CPU
		{AA63E38C-D515-4586-B4AB-D37134D9DE7D}.Debug|Any CPU.Build.0 = Debug|Any CPU
		{AA63E38C-D515-4586-B4AB-D37134D9DE7D}.Release|Any CPU.ActiveCfg = Release|Any CPU
		{AA63E38C-D515-4586-B4AB-D37134D9DE7D}.Release|Any CPU.Build.0 = Release|Any CPU
		{9B4E39D0-7593-409F-9BE7-B728F4AF16F3}.Debug|Any CPU.ActiveCfg = Debug|Any CPU
		{9B4E39D0-7593-409F-9BE7-B728F4AF16F3}.Debug|Any CPU.Build.0 = Debug|Any CPU
		{9B4E39D0-7593-409F-9BE7-B728F4AF16F3}.Release|Any CPU.ActiveCfg = Release|Any CPU
		{9B4E39D0-7593-409F-9BE7-B728F4AF16F3}.Release|Any CPU.Build.0 = Release|Any CPU
		{4A9414FC-6C35-425B-AE14-C5CDED86D226}.Debug|Any CPU.ActiveCfg = Debug|Any CPU
		{4A9414FC-6C35-425B-AE14-C5CDED86D226}.Debug|Any CPU.Build.0 = Debug|Any CPU
		{4A9414FC-6C35-425B-AE14-C5CDED86D226}.Release|Any CPU.ActiveCfg = Release|Any CPU
		{4A9414FC-6C35-425B-AE14-C5CDED86D226}.Release|Any CPU.Build.0 = Release|Any CPU
		{81121D0A-3C1D-4099-9FDD-8EEF94179E04}.Debug|Any CPU.ActiveCfg = Debug|Any CPU
		{81121D0A-3C1D-4099-9FDD-8EEF94179E04}.Debug|Any CPU.Build.0 = Debug|Any CPU
		{81121D0A-3C1D-4099-9FDD-8EEF94179E04}.Release|Any CPU.ActiveCfg = Release|Any CPU
		{81121D0A-3C1D-4099-9FDD-8EEF94179E04}.Release|Any CPU.Build.0 = Release|Any CPU
		{3F813904-9E17-482A-A2B2-885BFB5AE6D0}.Debug|Any CPU.ActiveCfg = Debug|Any CPU
		{3F813904-9E17-482A-A2B2-885BFB5AE6D0}.Debug|Any CPU.Build.0 = Debug|Any CPU
		{3F813904-9E17-482A-A2B2-885BFB5AE6D0}.Release|Any CPU.ActiveCfg = Release|Any CPU
		{3F813904-9E17-482A-A2B2-885BFB5AE6D0}.Release|Any CPU.Build.0 = Release|Any CPU
		{D07DCF7B-E6FA-49E3-929C-AAEF37E47E92}.Debug|Any CPU.ActiveCfg = Debug|Any CPU
		{D07DCF7B-E6FA-49E3-929C-AAEF37E47E92}.Debug|Any CPU.Build.0 = Debug|Any CPU
		{D07DCF7B-E6FA-49E3-929C-AAEF37E47E92}.Release|Any CPU.ActiveCfg = Release|Any CPU
		{D07DCF7B-E6FA-49E3-929C-AAEF37E47E92}.Release|Any CPU.Build.0 = Release|Any CPU
		{B562ABE4-3078-4707-A265-8EAE473ADA5E}.Debug|Any CPU.ActiveCfg = Debug|Any CPU
		{B562ABE4-3078-4707-A265-8EAE473ADA5E}.Debug|Any CPU.Build.0 = Debug|Any CPU
		{B562ABE4-3078-4707-A265-8EAE473ADA5E}.Release|Any CPU.ActiveCfg = Release|Any CPU
		{B562ABE4-3078-4707-A265-8EAE473ADA5E}.Release|Any CPU.Build.0 = Release|Any CPU
	EndGlobalSection
EndGlobal
